// !$*UTF8*$!
{
	archiveVersion = 1;
	classes = {
	};
	objectVersion = 50;
	objects = {

/* Begin PBXBuildFile section */
		53C7177722327E3900836717 /* WebpdfViewController.swift in Sources */ = {isa = PBXBuildFile; fileRef = 53C7177622327E3900836717 /* WebpdfViewController.swift */; };
		53C7177B223282BF00836717 /* PDFViewController.swift in Sources */ = {isa = PBXBuildFile; fileRef = 53C7177A223282BF00836717 /* PDFViewController.swift */; };
		53C7177D2232837100836717 /* prePdf.pdf in Resources */ = {isa = PBXBuildFile; fileRef = 53C7177C2232837100836717 /* prePdf.pdf */; };
		55829094221E82D00087F0E5 /* BSRViewController.swift in Sources */ = {isa = PBXBuildFile; fileRef = 55829093221E82D00087F0E5 /* BSRViewController.swift */; };
		55C53A22221E755500BAE6DE /* SouViewController.swift in Sources */ = {isa = PBXBuildFile; fileRef = 55C53A21221E755500BAE6DE /* SouViewController.swift */; };
		55C53A2C221E763800BAE6DE /* TopViewController.swift in Sources */ = {isa = PBXBuildFile; fileRef = 55C53A2B221E763800BAE6DE /* TopViewController.swift */; };
		55D770A3221D0D130078F89D /* AppDelegate.swift in Sources */ = {isa = PBXBuildFile; fileRef = 55D770A2221D0D130078F89D /* AppDelegate.swift */; };
		55D770A5221D0D130078F89D /* ViewController.swift in Sources */ = {isa = PBXBuildFile; fileRef = 55D770A4221D0D130078F89D /* ViewController.swift */; };
		55D770A8221D0D130078F89D /* Main.storyboard in Resources */ = {isa = PBXBuildFile; fileRef = 55D770A6221D0D130078F89D /* Main.storyboard */; };
		55D770AA221D0D140078F89D /* Assets.xcassets in Resources */ = {isa = PBXBuildFile; fileRef = 55D770A9221D0D140078F89D /* Assets.xcassets */; };
		55D770AD221D0D140078F89D /* LaunchScreen.storyboard in Resources */ = {isa = PBXBuildFile; fileRef = 55D770AB221D0D140078F89D /* LaunchScreen.storyboard */; };
/* End PBXBuildFile section */

/* Begin PBXFileReference section */
		53C7177622327E3900836717 /* WebpdfViewController.swift */ = {isa = PBXFileReference; lastKnownFileType = sourcecode.swift; path = WebpdfViewController.swift; sourceTree = "<group>"; };
		53C7177A223282BF00836717 /* PDFViewController.swift */ = {isa = PBXFileReference; lastKnownFileType = sourcecode.swift; path = PDFViewController.swift; sourceTree = "<group>"; };
		53C7177C2232837100836717 /* prePdf.pdf */ = {isa = PBXFileReference; lastKnownFileType = image.pdf; path = prePdf.pdf; sourceTree = "<group>"; };
		55829093221E82D00087F0E5 /* BSRViewController.swift */ = {isa = PBXFileReference; lastKnownFileType = sourcecode.swift; path = BSRViewController.swift; sourceTree = "<group>"; };
		55C53A21221E755500BAE6DE /* SouViewController.swift */ = {isa = PBXFileReference; lastKnownFileType = sourcecode.swift; path = SouViewController.swift; sourceTree = "<group>"; };
		55C53A2B221E763800BAE6DE /* TopViewController.swift */ = {isa = PBXFileReference; lastKnownFileType = sourcecode.swift; path = TopViewController.swift; sourceTree = "<group>"; };
		55D7709F221D0D130078F89D /* 心靈互助組.app */ = {isa = PBXFileReference; explicitFileType = wrapper.application; includeInIndex = 0; path = "心靈互助組.app"; sourceTree = BUILT_PRODUCTS_DIR; };
		55D770A2221D0D130078F89D /* AppDelegate.swift */ = {isa = PBXFileReference; lastKnownFileType = sourcecode.swift; path = AppDelegate.swift; sourceTree = "<group>"; };
		55D770A4221D0D130078F89D /* ViewController.swift */ = {isa = PBXFileReference; lastKnownFileType = sourcecode.swift; path = ViewController.swift; sourceTree = "<group>"; };
		55D770A7221D0D130078F89D /* Base */ = {isa = PBXFileReference; lastKnownFileType = file.storyboard; name = Base; path = Base.lproj/Main.storyboard; sourceTree = "<group>"; };
		55D770A9221D0D140078F89D /* Assets.xcassets */ = {isa = PBXFileReference; lastKnownFileType = folder.assetcatalog; path = Assets.xcassets; sourceTree = "<group>"; };
		55D770AC221D0D140078F89D /* Base */ = {isa = PBXFileReference; lastKnownFileType = file.storyboard; name = Base; path = Base.lproj/LaunchScreen.storyboard; sourceTree = "<group>"; };
		55D770AE221D0D140078F89D /* Info.plist */ = {isa = PBXFileReference; lastKnownFileType = text.plist.xml; path = Info.plist; sourceTree = "<group>"; };
/* End PBXFileReference section */

/* Begin PBXFrameworksBuildPhase section */
		55D7709C221D0D130078F89D /* Frameworks */ = {
			isa = PBXFrameworksBuildPhase;
			buildActionMask = 2147483647;
			files = (
			);
			runOnlyForDeploymentPostprocessing = 0;
		};
/* End PBXFrameworksBuildPhase section */

/* Begin PBXGroup section */
		55D77096221D0D130078F89D = {
			isa = PBXGroup;
			children = (
				55D770A1221D0D130078F89D /* 心靈互助組 */,
				55D770A0221D0D130078F89D /* Products */,
			);
			sourceTree = "<group>";
		};
		55D770A0221D0D130078F89D /* Products */ = {
			isa = PBXGroup;
			children = (
				55D7709F221D0D130078F89D /* 心靈互助組.app */,
			);
			name = Products;
			sourceTree = "<group>";
		};
		55D770A1221D0D130078F89D /* 心靈互助組 */ = {
			isa = PBXGroup;
			children = (
				53C7177C2232837100836717 /* prePdf.pdf */,
				55D770A2221D0D130078F89D /* AppDelegate.swift */,
				55D770A4221D0D130078F89D /* ViewController.swift */,
				53C7177A223282BF00836717 /* PDFViewController.swift */,
				53C7177622327E3900836717 /* WebpdfViewController.swift */,
				55C53A2B221E763800BAE6DE /* TopViewController.swift */,
				55D770A6221D0D130078F89D /* Main.storyboard */,
				55829093221E82D00087F0E5 /* BSRViewController.swift */,
				55C53A21221E755500BAE6DE /* SouViewController.swift */,
				55D770A9221D0D140078F89D /* Assets.xcassets */,
				55D770AB221D0D140078F89D /* LaunchScreen.storyboard */,
				55D770AE221D0D140078F89D /* Info.plist */,
			);
			path = "心靈互助組";
			sourceTree = "<group>";
		};
/* End PBXGroup section */

/* Begin PBXNativeTarget section */
		55D7709E221D0D130078F89D /* 心靈互助組 */ = {
			isa = PBXNativeTarget;
			buildConfigurationList = 55D770B1221D0D140078F89D /* Build configuration list for PBXNativeTarget "心靈互助組" */;
			buildPhases = (
				55D7709B221D0D130078F89D /* Sources */,
				55D7709C221D0D130078F89D /* Frameworks */,
				55D7709D221D0D130078F89D /* Resources */,
			);
			buildRules = (
			);
			dependencies = (
			);
			name = "心靈互助組";
			productName = "心靈互助組";
			productReference = 55D7709F221D0D130078F89D /* 心靈互助組.app */;
			productType = "com.apple.product-type.application";
		};
/* End PBXNativeTarget section */

/* Begin PBXProject section */
		55D77097221D0D130078F89D /* Project object */ = {
			isa = PBXProject;
			attributes = {
				KnownAssetTags = (
					0,
					1,
					2,
				);
				LastSwiftUpdateCheck = 1010;
				LastUpgradeCheck = 1010;
				ORGANIZATIONNAME = Chiafishh;
				TargetAttributes = {
					55D7709E221D0D130078F89D = {
						CreatedOnToolsVersion = 10.1;
					};
				};
			};
			buildConfigurationList = 55D7709A221D0D130078F89D /* Build configuration list for PBXProject "心靈互助組" */;
			compatibilityVersion = "Xcode 9.3";
			developmentRegion = en;
			hasScannedForEncodings = 0;
			knownRegions = (
				en,
				Base,
			);
			mainGroup = 55D77096221D0D130078F89D;
			productRefGroup = 55D770A0221D0D130078F89D /* Products */;
			projectDirPath = "";
			projectRoot = "";
			targets = (
				55D7709E221D0D130078F89D /* 心靈互助組 */,
			);
		};
/* End PBXProject section */

/* Begin PBXResourcesBuildPhase section */
		55D7709D221D0D130078F89D /* Resources */ = {
			isa = PBXResourcesBuildPhase;
			buildActionMask = 2147483647;
			files = (
				53C7177D2232837100836717 /* prePdf.pdf in Resources */,
				55D770AD221D0D140078F89D /* LaunchScreen.storyboard in Resources */,
				55D770AA221D0D140078F89D /* Assets.xcassets in Resources */,
				55D770A8221D0D130078F89D /* Main.storyboard in Resources */,
			);
			runOnlyForDeploymentPostprocessing = 0;
		};
/* End PBXResourcesBuildPhase section */

/* Begin PBXSourcesBuildPhase section */
		55D7709B221D0D130078F89D /* Sources */ = {
			isa = PBXSourcesBuildPhase;
			buildActionMask = 2147483647;
			files = (
				55829094221E82D00087F0E5 /* BSRViewController.swift in Sources */,
				55D770A5221D0D130078F89D /* ViewController.swift in Sources */,
				53C7177B223282BF00836717 /* PDFViewController.swift in Sources */,
				55D770A3221D0D130078F89D /* AppDelegate.swift in Sources */,
				55C53A22221E755500BAE6DE /* SouViewController.swift in Sources */,
				53C7177722327E3900836717 /* WebpdfViewController.swift in Sources */,
				55C53A2C221E763800BAE6DE /* TopViewController.swift in Sources */,
			);
			runOnlyForDeploymentPostprocessing = 0;
		};
/* End PBXSourcesBuildPhase section */

/* Begin PBXVariantGroup section */
		55D770A6221D0D130078F89D /* Main.storyboard */ = {
			isa = PBXVariantGroup;
			children = (
				55D770A7221D0D130078F89D /* Base */,
			);
			name = Main.storyboard;
			sourceTree = "<group>";
		};
		55D770AB221D0D140078F89D /* LaunchScreen.storyboard */ = {
			isa = PBXVariantGroup;
			children = (
				55D770AC221D0D140078F89D /* Base */,
			);
			name = LaunchScreen.storyboard;
			sourceTree = "<group>";
		};
/* End PBXVariantGroup section */

/* Begin XCBuildConfiguration section */
		55D770AF221D0D140078F89D /* Debug */ = {
			isa = XCBuildConfiguration;
			buildSettings = {
				ALWAYS_SEARCH_USER_PATHS = NO;
				CLANG_ANALYZER_NONNULL = YES;
				CLANG_ANALYZER_NUMBER_OBJECT_CONVERSION = YES_AGGRESSIVE;
				CLANG_CXX_LANGUAGE_STANDARD = "gnu++14";
				CLANG_CXX_LIBRARY = "libc++";
				CLANG_ENABLE_MODULES = YES;
				CLANG_ENABLE_OBJC_ARC = YES;
				CLANG_ENABLE_OBJC_WEAK = YES;
				CLANG_WARN_BLOCK_CAPTURE_AUTORELEASING = YES;
				CLANG_WARN_BOOL_CONVERSION = YES;
				CLANG_WARN_COMMA = YES;
				CLANG_WARN_CONSTANT_CONVERSION = YES;
				CLANG_WARN_DEPRECATED_OBJC_IMPLEMENTATIONS = YES;
				CLANG_WARN_DIRECT_OBJC_ISA_USAGE = YES_ERROR;
				CLANG_WARN_DOCUMENTATION_COMMENTS = YES;
				CLANG_WARN_EMPTY_BODY = YES;
				CLANG_WARN_ENUM_CONVERSION = YES;
				CLANG_WARN_INFINITE_RECURSION = YES;
				CLANG_WARN_INT_CONVERSION = YES;
				CLANG_WARN_NON_LITERAL_NULL_CONVERSION = YES;
				CLANG_WARN_OBJC_IMPLICIT_RETAIN_SELF = YES;
				CLANG_WARN_OBJC_LITERAL_CONVERSION = YES;
				CLANG_WARN_OBJC_ROOT_CLASS = YES_ERROR;
				CLANG_WARN_RANGE_LOOP_ANALYSIS = YES;
				CLANG_WARN_STRICT_PROTOTYPES = YES;
				CLANG_WARN_SUSPICIOUS_MOVE = YES;
				CLANG_WARN_UNGUARDED_AVAILABILITY = YES_AGGRESSIVE;
				CLANG_WARN_UNREACHABLE_CODE = YES;
				CLANG_WARN__DUPLICATE_METHOD_MATCH = YES;
				CODE_SIGN_IDENTITY = "iPhone Developer";
				COPY_PHASE_STRIP = NO;
				DEBUG_INFORMATION_FORMAT = dwarf;
				ENABLE_STRICT_OBJC_MSGSEND = YES;
				ENABLE_TESTABILITY = YES;
				GCC_C_LANGUAGE_STANDARD = gnu11;
				GCC_DYNAMIC_NO_PIC = NO;
				GCC_NO_COMMON_BLOCKS = YES;
				GCC_OPTIMIZATION_LEVEL = 0;
				GCC_PREPROCESSOR_DEFINITIONS = (
					"DEBUG=1",
					"$(inherited)",
				);
				GCC_WARN_64_TO_32_BIT_CONVERSION = YES;
				GCC_WARN_ABOUT_RETURN_TYPE = YES_ERROR;
				GCC_WARN_UNDECLARED_SELECTOR = YES;
				GCC_WARN_UNINITIALIZED_AUTOS = YES_AGGRESSIVE;
				GCC_WARN_UNUSED_FUNCTION = YES;
				GCC_WARN_UNUSED_VARIABLE = YES;
				IPHONEOS_DEPLOYMENT_TARGET = 11.4;
				MTL_ENABLE_DEBUG_INFO = INCLUDE_SOURCE;
				MTL_FAST_MATH = YES;
				ONLY_ACTIVE_ARCH = YES;
				SDKROOT = iphoneos;
				SWIFT_ACTIVE_COMPILATION_CONDITIONS = DEBUG;
				SWIFT_OPTIMIZATION_LEVEL = "-Onone";
			};
			name = Debug;
		};
		55D770B0221D0D140078F89D /* Release */ = {
			isa = XCBuildConfiguration;
			buildSettings = {
				ALWAYS_SEARCH_USER_PATHS = NO;
				CLANG_ANALYZER_NONNULL = YES;
				CLANG_ANALYZER_NUMBER_OBJECT_CONVERSION = YES_AGGRESSIVE;
				CLANG_CXX_LANGUAGE_STANDARD = "gnu++14";
				CLANG_CXX_LIBRARY = "libc++";
				CLANG_ENABLE_MODULES = YES;
				CLANG_ENABLE_OBJC_ARC = YES;
				CLANG_ENABLE_OBJC_WEAK = YES;
				CLANG_WARN_BLOCK_CAPTURE_AUTORELEASING = YES;
				CLANG_WARN_BOOL_CONVERSION = YES;
				CLANG_WARN_COMMA = YES;
				CLANG_WARN_CONSTANT_CONVERSION = YES;
				CLANG_WARN_DEPRECATED_OBJC_IMPLEMENTATIONS = YES;
				CLANG_WARN_DIRECT_OBJC_ISA_USAGE = YES_ERROR;
				CLANG_WARN_DOCUMENTATION_COMMENTS = YES;
				CLANG_WARN_EMPTY_BODY = YES;
				CLANG_WARN_ENUM_CONVERSION = YES;
				CLANG_WARN_INFINITE_RECURSION = YES;
				CLANG_WARN_INT_CONVERSION = YES;
				CLANG_WARN_NON_LITERAL_NULL_CONVERSION = YES;
				CLANG_WARN_OBJC_IMPLICIT_RETAIN_SELF = YES;
				CLANG_WARN_OBJC_LITERAL_CONVERSION = YES;
				CLANG_WARN_OBJC_ROOT_CLASS = YES_ERROR;
				CLANG_WARN_RANGE_LOOP_ANALYSIS = YES;
				CLANG_WARN_STRICT_PROTOTYPES = YES;
				CLANG_WARN_SUSPICIOUS_MOVE = YES;
				CLANG_WARN_UNGUARDED_AVAILABILITY = YES_AGGRESSIVE;
				CLANG_WARN_UNREACHABLE_CODE = YES;
				CLANG_WARN__DUPLICATE_METHOD_MATCH = YES;
				CODE_SIGN_IDENTITY = "iPhone Developer";
				COPY_PHASE_STRIP = NO;
				DEBUG_INFORMATION_FORMAT = "dwarf-with-dsym";
				ENABLE_NS_ASSERTIONS = NO;
				ENABLE_STRICT_OBJC_MSGSEND = YES;
				GCC_C_LANGUAGE_STANDARD = gnu11;
				GCC_NO_COMMON_BLOCKS = YES;
				GCC_WARN_64_TO_32_BIT_CONVERSION = YES;
				GCC_WARN_ABOUT_RETURN_TYPE = YES_ERROR;
				GCC_WARN_UNDECLARED_SELECTOR = YES;
				GCC_WARN_UNINITIALIZED_AUTOS = YES_AGGRESSIVE;
				GCC_WARN_UNUSED_FUNCTION = YES;
				GCC_WARN_UNUSED_VARIABLE = YES;
				IPHONEOS_DEPLOYMENT_TARGET = 11.4;
				MTL_ENABLE_DEBUG_INFO = NO;
				MTL_FAST_MATH = YES;
				SDKROOT = iphoneos;
				SWIFT_COMPILATION_MODE = wholemodule;
				SWIFT_OPTIMIZATION_LEVEL = "-O";
				VALIDATE_PRODUCT = YES;
			};
			name = Release;
		};
		55D770B2221D0D140078F89D /* Debug */ = {
			isa = XCBuildConfiguration;
			buildSettings = {
				ASSETCATALOG_COMPILER_APPICON_NAME = AppIcon;
				CODE_SIGN_STYLE = Automatic;
				INFOPLIST_FILE = "心靈互助組/Info.plist";
				IPHONEOS_DEPLOYMENT_TARGET = 11.2;
				LD_RUNPATH_SEARCH_PATHS = (
					"$(inherited)",
					"@executable_path/Frameworks",
				);
				PRODUCT_BUNDLE_IDENTIFIER = "fishhChia.-----";
				PRODUCT_NAME = "$(TARGET_NAME)";
				SWIFT_VERSION = 4.2;
				TARGETED_DEVICE_FAMILY = "1,2";
			};
			name = Debug;
		};
		55D770B3221D0D140078F89D /* Release */ = {
			isa = XCBuildConfiguration;
			buildSettings = {
				ASSETCATALOG_COMPILER_APPICON_NAME = AppIcon;
				CODE_SIGN_STYLE = Automatic;
				INFOPLIST_FILE = "心靈互助組/Info.plist";
				IPHONEOS_DEPLOYMENT_TARGET = 11.2;
				LD_RUNPATH_SEARCH_PATHS = (
					"$(inherited)",
					"@executable_path/Frameworks",
				);
				PRODUCT_BUNDLE_IDENTIFIER = "fishhChia.-----";
				PRODUCT_NAME = "$(TARGET_NAME)";
				SWIFT_VERSION = 4.2;
				TARGETED_DEVICE_FAMILY = "1,2";
			};
			name = Release;
		};
/* End XCBuildConfiguration section */

/* Begin XCConfigurationList section */
		55D7709A221D0D130078F89D /* Build configuration list for PBXProject "心靈互助組" */ = {
			isa = XCConfigurationList;
			buildConfigurations = (
				55D770AF221D0D140078F89D /* Debug */,
				55D770B0221D0D140078F89D /* Release */,
			);
			defaultConfigurationIsVisible = 0;
			defaultConfigurationName = Release;
		};
		55D770B1221D0D140078F89D /* Build configuration list for PBXNativeTarget "心靈互助組" */ = {
			isa = XCConfigurationList;
			buildConfigurations = (
				55D770B2221D0D140078F89D /* Debug */,
				55D770B3221D0D140078F89D /* Release */,
			);
			defaultConfigurationIsVisible = 0;
			defaultConfigurationName = Release;
		};
/* End XCConfigurationList section */
	};
	rootObject = 55D77097221D0D130078F89D /* Project object */;
}
